// !$*UTF8*$!
{
	archiveVersion = 1;
	classes = {
	};
	objectVersion = 50;
	objects = {

/* Begin PBXBuildFile section */
		1AE8FD0F6640BB5F0A598F80 /* Pods_sampleAdmob.framework in Frameworks */ = {isa = PBXBuildFile; fileRef = 3BDA81720606951212FCEDB0 /* Pods_sampleAdmob.framework */; };
		B2CF3EAB20FC1A060086E52B /* AppDelegate.swift in Sources */ = {isa = PBXBuildFile; fileRef = B2CF3EAA20FC1A060086E52B /* AppDelegate.swift */; };
		B2CF3EAD20FC1A060086E52B /* ViewController.swift in Sources */ = {isa = PBXBuildFile; fileRef = B2CF3EAC20FC1A060086E52B /* ViewController.swift */; };
		B2CF3EB020FC1A060086E52B /* Main.storyboard in Resources */ = {isa = PBXBuildFile; fileRef = B2CF3EAE20FC1A060086E52B /* Main.storyboard */; };
		B2CF3EB220FC1A0A0086E52B /* Assets.xcassets in Resources */ = {isa = PBXBuildFile; fileRef = B2CF3EB120FC1A0A0086E52B /* Assets.xcassets */; };
		B2CF3EB520FC1A0A0086E52B /* LaunchScreen.storyboard in Resources */ = {isa = PBXBuildFile; fileRef = B2CF3EB320FC1A0A0086E52B /* LaunchScreen.storyboard */; };
		B2CF3EBD20FC42E20086E52B /* GoogleService-Info.plist in Resources */ = {isa = PBXBuildFile; fileRef = B2CF3EBC20FC42E20086E52B /* GoogleService-Info.plist */; };
/* End PBXBuildFile section */

/* Begin PBXFileReference section */
		3BDA81720606951212FCEDB0 /* Pods_sampleAdmob.framework */ = {isa = PBXFileReference; explicitFileType = wrapper.framework; includeInIndex = 0; path = Pods_sampleAdmob.framework; sourceTree = BUILT_PRODUCTS_DIR; };
		902DCCEEBB2C6D221A2CB528 /* Pods-sampleAdmob.release.xcconfig */ = {isa = PBXFileReference; includeInIndex = 1; lastKnownFileType = text.xcconfig; name = "Pods-sampleAdmob.release.xcconfig"; path = "Pods/Target Support Files/Pods-sampleAdmob/Pods-sampleAdmob.release.xcconfig"; sourceTree = "<group>"; };
		B2CF3EA720FC1A060086E52B /* sampleAdmob.app */ = {isa = PBXFileReference; explicitFileType = wrapper.application; includeInIndex = 0; path = sampleAdmob.app; sourceTree = BUILT_PRODUCTS_DIR; };
		B2CF3EAA20FC1A060086E52B /* AppDelegate.swift */ = {isa = PBXFileReference; lastKnownFileType = sourcecode.swift; path = AppDelegate.swift; sourceTree = "<group>"; };
		B2CF3EAC20FC1A060086E52B /* ViewController.swift */ = {isa = PBXFileReference; lastKnownFileType = sourcecode.swift; path = ViewController.swift; sourceTree = "<group>"; };
		B2CF3EAF20FC1A060086E52B /* Base */ = {isa = PBXFileReference; lastKnownFileType = file.storyboard; name = Base; path = Base.lproj/Main.storyboard; sourceTree = "<group>"; };
		B2CF3EB120FC1A0A0086E52B /* Assets.xcassets */ = {isa = PBXFileReference; lastKnownFileType = folder.assetcatalog; path = Assets.xcassets; sourceTree = "<group>"; };
		B2CF3EB420FC1A0A0086E52B /* Base */ = {isa = PBXFileReference; lastKnownFileType = file.storyboard; name = Base; path = Base.lproj/LaunchScreen.storyboard; sourceTree = "<group>"; };
		B2CF3EB620FC1A0A0086E52B /* Info.plist */ = {isa = PBXFileReference; lastKnownFileType = text.plist.xml; path = Info.plist; sourceTree = "<group>"; };
		B2CF3EBC20FC42E20086E52B /* GoogleService-Info.plist */ = {isa = PBXFileReference; fileEncoding = 4; lastKnownFileType = text.plist.xml; path = "GoogleService-Info.plist"; sourceTree = "<group>"; };
		B2CF3EBE20FC4C590086E52B /* FirebaseCore.framework */ = {isa = PBXFileReference; explicitFileType = wrapper.framework; path = FirebaseCore.framework; sourceTree = BUILT_PRODUCTS_DIR; };
		D8F74D106F781CE7EBCE6FEE /* Pods-sampleAdmob.debug.xcconfig */ = {isa = PBXFileReference; includeInIndex = 1; lastKnownFileType = text.xcconfig; name = "Pods-sampleAdmob.debug.xcconfig"; path = "Pods/Target Support Files/Pods-sampleAdmob/Pods-sampleAdmob.debug.xcconfig"; sourceTree = "<group>"; };
/* End PBXFileReference section */

/* Begin PBXFrameworksBuildPhase section */
		B2CF3EA420FC1A060086E52B /* Frameworks */ = {
			isa = PBXFrameworksBuildPhase;
			buildActionMask = 2147483647;
			files = (
				1AE8FD0F6640BB5F0A598F80 /* Pods_sampleAdmob.framework in Frameworks */,
			);
			runOnlyForDeploymentPostprocessing = 0;
		};
/* End PBXFrameworksBuildPhase section */

/* Begin PBXGroup section */
		2FE1D83E231B0AD33F8F2462 /* Pods */ = {
			isa = PBXGroup;
			children = (
				D8F74D106F781CE7EBCE6FEE /* Pods-sampleAdmob.debug.xcconfig */,
				902DCCEEBB2C6D221A2CB528 /* Pods-sampleAdmob.release.xcconfig */,
			);
			name = Pods;
			sourceTree = "<group>";
		};
		3B310F4D425085445AB2699A /* Frameworks */ = {
			isa = PBXGroup;
			children = (
				B2CF3EBE20FC4C590086E52B /* FirebaseCore.framework */,
				3BDA81720606951212FCEDB0 /* Pods_sampleAdmob.framework */,
			);
			name = Frameworks;
			sourceTree = "<group>";
		};
		B2CF3E9E20FC1A060086E52B = {
			isa = PBXGroup;
			children = (
				B2CF3EA920FC1A060086E52B /* sampleAdmob */,
				B2CF3EA820FC1A060086E52B /* Products */,
				2FE1D83E231B0AD33F8F2462 /* Pods */,
				3B310F4D425085445AB2699A /* Frameworks */,
			);
			sourceTree = "<group>";
		};
		B2CF3EA820FC1A060086E52B /* Products */ = {
			isa = PBXGroup;
			children = (
				B2CF3EA720FC1A060086E52B /* sampleAdmob.app */,
			);
			name = Products;
			sourceTree = "<group>";
		};
		B2CF3EA920FC1A060086E52B /* sampleAdmob */ = {
			isa = PBXGroup;
			children = (
				B2CF3EAA20FC1A060086E52B /* AppDelegate.swift */,
				B2CF3EAC20FC1A060086E52B /* ViewController.swift */,
				B2CF3EAE20FC1A060086E52B /* Main.storyboard */,
				B2CF3EB120FC1A0A0086E52B /* Assets.xcassets */,
				B2CF3EB320FC1A0A0086E52B /* LaunchScreen.storyboard */,
				B2CF3EB620FC1A0A0086E52B /* Info.plist */,
				B2CF3EBC20FC42E20086E52B /* GoogleService-Info.plist */,
			);
			path = sampleAdmob;
			sourceTree = "<group>";
		};
/* End PBXGroup section */

/* Begin PBXNativeTarget section */
		B2CF3EA620FC1A060086E52B /* sampleAdmob */ = {
			isa = PBXNativeTarget;
			buildConfigurationList = B2CF3EB920FC1A0A0086E52B /* Build configuration list for PBXNativeTarget "sampleAdmob" */;
			buildPhases = (
				C085A34302C5A075C4BB0BD8 /* [CP] Check Pods Manifest.lock */,
				B2CF3EA320FC1A060086E52B /* Sources */,
				B2CF3EA420FC1A060086E52B /* Frameworks */,
				B2CF3EA520FC1A060086E52B /* Resources */,
				03519DED9A7C1C6E1EA454E4 /* [CP] Embed Pods Frameworks */,
			);
			buildRules = (
			);
			dependencies = (
			);
			name = sampleAdmob;
			productName = sampleAdmob;
			productReference = B2CF3EA720FC1A060086E52B /* sampleAdmob.app */;
			productType = "com.apple.product-type.application";
		};
/* End PBXNativeTarget section */

/* Begin PBXProject section */
		B2CF3E9F20FC1A060086E52B /* Project object */ = {
			isa = PBXProject;
			attributes = {
				LastSwiftUpdateCheck = 0940;
				LastUpgradeCheck = 0940;
				ORGANIZATIONNAME = yuka;
				TargetAttributes = {
					B2CF3EA620FC1A060086E52B = {
						CreatedOnToolsVersion = 9.4.1;
					};
				};
			};
			buildConfigurationList = B2CF3EA220FC1A060086E52B /* Build configuration list for PBXProject "sampleAdmob" */;
			compatibilityVersion = "Xcode 9.3";
			developmentRegion = en;
			hasScannedForEncodings = 0;
			knownRegions = (
				en,
				Base,
			);
			mainGroup = B2CF3E9E20FC1A060086E52B;
			productRefGroup = B2CF3EA820FC1A060086E52B /* Products */;
			projectDirPath = "";
			projectRoot = "";
			targets = (
				B2CF3EA620FC1A060086E52B /* sampleAdmob */,
			);
		};
/* End PBXProject section */

/* Begin PBXResourcesBuildPhase section */
		B2CF3EA520FC1A060086E52B /* Resources */ = {
			isa = PBXResourcesBuildPhase;
			buildActionMask = 2147483647;
			files = (
				B2CF3EB520FC1A0A0086E52B /* LaunchScreen.storyboard in Resources */,
				B2CF3EBD20FC42E20086E52B /* GoogleService-Info.plist in Resources */,
				B2CF3EB220FC1A0A0086E52B /* Assets.xcassets in Resources */,
				B2CF3EB020FC1A060086E52B /* Main.storyboard in Resources */,
			);
			runOnlyForDeploymentPostprocessing = 0;
		};
/* End PBXResourcesBuildPhase section */

/* Begin PBXShellScriptBuildPhase section */
		03519DED9A7C1C6E1EA454E4 /* [CP] Embed Pods Frameworks */ = {
			isa = PBXShellScriptBuildPhase;
			buildActionMask = 2147483647;
			files = (
			);
			inputPaths = (
				"${SRCROOT}/Pods/Target Support Files/Pods-sampleAdmob/Pods-sampleAdmob-frameworks.sh",
				"${BUILT_PRODUCTS_DIR}/GoogleToolboxForMac/GoogleToolboxForMac.framework",
				"${BUILT_PRODUCTS_DIR}/nanopb/nanopb.framework",
			);
			name = "[CP] Embed Pods Frameworks";
			outputPaths = (
				"${TARGET_BUILD_DIR}/${FRAMEWORKS_FOLDER_PATH}/GoogleToolboxForMac.framework",
				"${TARGET_BUILD_DIR}/${FRAMEWORKS_FOLDER_PATH}/nanopb.framework",
			);
			runOnlyForDeploymentPostprocessing = 0;
			shellPath = /bin/sh;
			shellScript = "\"${SRCROOT}/Pods/Target Support Files/Pods-sampleAdmob/Pods-sampleAdmob-frameworks.sh\"\n";
			showEnvVarsInLog = 0;
		};
		C085A34302C5A075C4BB0BD8 /* [CP] Check Pods Manifest.lock */ = {
			isa = PBXShellScriptBuildPhase;
			buildActionMask = 2147483647;
			files = (
			);
			inputPaths = (
				"${PODS_PODFILE_DIR_PATH}/Podfile.lock",
				"${PODS_ROOT}/Manifest.lock",
			);
			name = "[CP] Check Pods Manifest.lock";
			outputPaths = (
				"$(DERIVED_FILE_DIR)/Pods-sampleAdmob-checkManifestLockResult.txt",
			);
			runOnlyForDeploymentPostprocessing = 0;
			shellPath = /bin/sh;
			shellScript = "diff \"${PODS_PODFILE_DIR_PATH}/Podfile.lock\" \"${PODS_ROOT}/Manifest.lock\" > /dev/null\nif [ $? != 0 ] ; then\n    # print error to STDERR\n    echo \"error: The sandbox is not in sync with the Podfile.lock. Run 'pod install' or update your CocoaPods installation.\" >&2\n    exit 1\nfi\n# This output is used by Xcode 'outputs' to avoid re-running this script phase.\necho \"SUCCESS\" > \"${SCRIPT_OUTPUT_FILE_0}\"\n";
			showEnvVarsInLog = 0;
		};
/* End PBXShellScriptBuildPhase section */

/* Begin PBXSourcesBuildPhase section */
		B2CF3EA320FC1A060086E52B /* Sources */ = {
			isa = PBXSourcesBuildPhase;
			buildActionMask = 2147483647;
			files = (
				B2CF3EAD20FC1A060086E52B /* ViewController.swift in Sources */,
				B2CF3EAB20FC1A060086E52B /* AppDelegate.swift in Sources */,
			);
			runOnlyForDeploymentPostprocessing = 0;
		};
/* End PBXSourcesBuildPhase section */

/* Begin PBXVariantGroup section */
		B2CF3EAE20FC1A060086E52B /* Main.storyboard */ = {
			isa = PBXVariantGroup;
			children = (
				B2CF3EAF20FC1A060086E52B /* Base */,
			);
			name = Main.storyboard;
			sourceTree = "<group>";
		};
		B2CF3EB320FC1A0A0086E52B /* LaunchScreen.storyboard */ = {
			isa = PBXVariantGroup;
			children = (
				B2CF3EB420FC1A0A0086E52B /* Base */,
			);
			name = LaunchScreen.storyboard;
			sourceTree = "<group>";
		};
/* End PBXVariantGroup section */

/* Begin XCBuildConfiguration section */
		B2CF3EB720FC1A0A0086E52B /* Debug */ = {
			isa = XCBuildConfiguration;
			buildSettings = {
				ALWAYS_SEARCH_USER_PATHS = NO;
				CLANG_ANALYZER_NONNULL = YES;
				CLANG_ANALYZER_NUMBER_OBJECT_CONVERSION = YES_AGGRESSIVE;
				CLANG_CXX_LANGUAGE_STANDARD = "gnu++14";
				CLANG_CXX_LIBRARY = "libc++";
				CLANG_ENABLE_MODULES = YES;
				CLANG_ENABLE_OBJC_ARC = YES;
				CLANG_ENABLE_OBJC_WEAK = YES;
				CLANG_WARN_BLOCK_CAPTURE_AUTORELEASING = YES;
				CLANG_WARN_BOOL_CONVERSION = YES;
				CLANG_WARN_COMMA = YES;
				CLANG_WARN_CONSTANT_CONVERSION = YES;
				CLANG_WARN_DEPRECATED_OBJC_IMPLEMENTATIONS = YES;
				CLANG_WARN_DIRECT_OBJC_ISA_USAGE = YES_ERROR;
				CLANG_WARN_DOCUMENTATION_COMMENTS = YES;
				CLANG_WARN_EMPTY_BODY = YES;
				CLANG_WARN_ENUM_CONVERSION = YES;
				CLANG_WARN_INFINITE_RECURSION = YES;
				CLANG_WARN_INT_CONVERSION = YES;
				CLANG_WARN_NON_LITERAL_NULL_CONVERSION = YES;
				CLANG_WARN_OBJC_IMPLICIT_RETAIN_SELF = YES;
				CLANG_WARN_OBJC_LITERAL_CONVERSION = YES;
				CLANG_WARN_OBJC_ROOT_CLASS = YES_ERROR;
				CLANG_WARN_RANGE_LOOP_ANALYSIS = YES;
				CLANG_WARN_STRICT_PROTOTYPES = YES;
				CLANG_WARN_SUSPICIOUS_MOVE = YES;
				CLANG_WARN_UNGUARDED_AVAILABILITY = YES_AGGRESSIVE;
				CLANG_WARN_UNREACHABLE_CODE = YES;
				CLANG_WARN__DUPLICATE_METHOD_MATCH = YES;
				CODE_SIGN_IDENTITY = "iPhone Developer";
				COPY_PHASE_STRIP = NO;
				DEBUG_INFORMATION_FORMAT = dwarf;
				ENABLE_STRICT_OBJC_MSGSEND = YES;
				ENABLE_TESTABILITY = YES;
				GCC_C_LANGUAGE_STANDARD = gnu11;
				GCC_DYNAMIC_NO_PIC = NO;
				GCC_NO_COMMON_BLOCKS = YES;
				GCC_OPTIMIZATION_LEVEL = 0;
				GCC_PREPROCESSOR_DEFINITIONS = (
					"DEBUG=1",
					"$(inherited)",
				);
				GCC_WARN_64_TO_32_BIT_CONVERSION = YES;
				GCC_WARN_ABOUT_RETURN_TYPE = YES_ERROR;
				GCC_WARN_UNDECLARED_SELECTOR = YES;
				GCC_WARN_UNINITIALIZED_AUTOS = YES_AGGRESSIVE;
				GCC_WARN_UNUSED_FUNCTION = YES;
				GCC_WARN_UNUSED_VARIABLE = YES;
				IPHONEOS_DEPLOYMENT_TARGET = 11.4;
				MTL_ENABLE_DEBUG_INFO = YES;
				ONLY_ACTIVE_ARCH = YES;
				SDKROOT = iphoneos;
				SWIFT_ACTIVE_COMPILATION_CONDITIONS = DEBUG;
				SWIFT_OPTIMIZATION_LEVEL = "-Onone";
			};
			name = Debug;
		};
		B2CF3EB820FC1A0A0086E52B /* Release */ = {
			isa = XCBuildConfiguration;
			buildSettings = {
				ALWAYS_SEARCH_USER_PATHS = NO;
				CLANG_ANALYZER_NONNULL = YES;
				CLANG_ANALYZER_NUMBER_OBJECT_CONVERSION = YES_AGGRESSIVE;
				CLANG_CXX_LANGUAGE_STANDARD = "gnu++14";
				CLANG_CXX_LIBRARY = "libc++";
				CLANG_ENABLE_MODULES = YES;
				CLANG_ENABLE_OBJC_ARC = YES;
				CLANG_ENABLE_OBJC_WEAK = YES;
				CLANG_WARN_BLOCK_CAPTURE_AUTORELEASING = YES;
				CLANG_WARN_BOOL_CONVERSION = YES;
				CLANG_WARN_COMMA = YES;
				CLANG_WARN_CONSTANT_CONVERSION = YES;
				CLANG_WARN_DEPRECATED_OBJC_IMPLEMENTATIONS = YES;
				CLANG_WARN_DIRECT_OBJC_ISA_USAGE = YES_ERROR;
				CLANG_WARN_DOCUMENTATION_COMMENTS = YES;
				CLANG_WARN_EMPTY_BODY = YES;
				CLANG_WARN_ENUM_CONVERSION = YES;
				CLANG_WARN_INFINITE_RECURSION = YES;
				CLANG_WARN_INT_CONVERSION = YES;
				CLANG_WARN_NON_LITERAL_NULL_CONVERSION = YES;
				CLANG_WARN_OBJC_IMPLICIT_RETAIN_SELF = YES;
				CLANG_WARN_OBJC_LITERAL_CONVERSION = YES;
				CLANG_WARN_OBJC_ROOT_CLASS = YES_ERROR;
				CLANG_WARN_RANGE_LOOP_ANALYSIS = YES;
				CLANG_WARN_STRICT_PROTOTYPES = YES;
				CLANG_WARN_SUSPICIOUS_MOVE = YES;
				CLANG_WARN_UNGUARDED_AVAILABILITY = YES_AGGRESSIVE;
				CLANG_WARN_UNREACHABLE_CODE = YES;
				CLANG_WARN__DUPLICATE_METHOD_MATCH = YES;
				CODE_SIGN_IDENTITY = "iPhone Developer";
				COPY_PHASE_STRIP = NO;
				DEBUG_INFORMATION_FORMAT = "dwarf-with-dsym";
				ENABLE_NS_ASSERTIONS = NO;
				ENABLE_STRICT_OBJC_MSGSEND = YES;
				GCC_C_LANGUAGE_STANDARD = gnu11;
				GCC_NO_COMMON_BLOCKS = YES;
				GCC_WARN_64_TO_32_BIT_CONVERSION = YES;
				GCC_WARN_ABOUT_RETURN_TYPE = YES_ERROR;
				GCC_WARN_UNDECLARED_SELECTOR = YES;
				GCC_WARN_UNINITIALIZED_AUTOS = YES_AGGRESSIVE;
				GCC_WARN_UNUSED_FUNCTION = YES;
				GCC_WARN_UNUSED_VARIABLE = YES;
				IPHONEOS_DEPLOYMENT_TARGET = 11.4;
				MTL_ENABLE_DEBUG_INFO = NO;
				SDKROOT = iphoneos;
				SWIFT_COMPILATION_MODE = wholemodule;
				SWIFT_OPTIMIZATION_LEVEL = "-O";
				VALIDATE_PRODUCT = YES;
			};
			name = Release;
		};
		B2CF3EBA20FC1A0A0086E52B /* Debug */ = {
			isa = XCBuildConfiguration;
			baseConfigurationReference = D8F74D106F781CE7EBCE6FEE /* Pods-sampleAdmob.debug.xcconfig */;
			buildSettings = {
				ASSETCATALOG_COMPILER_APPICON_NAME = AppIcon;
				CODE_SIGN_STYLE = Automatic;
				INFOPLIST_FILE = sampleAdmob/Info.plist;
				LD_RUNPATH_SEARCH_PATHS = (
					"$(inherited)",
					"@executable_path/Frameworks",
				);
				PRODUCT_BUNDLE_IDENTIFIER = com.oyuka.sampleAdmob;
				PRODUCT_NAME = "$(TARGET_NAME)";
				SWIFT_VERSION = 4.0;
				TARGETED_DEVICE_FAMILY = "1,2";
			};
			name = Debug;
		};
		B2CF3EBB20FC1A0A0086E52B /* Release */ = {
			isa = XCBuildConfiguration;
			baseConfigurationReference = 902DCCEEBB2C6D221A2CB528 /* Pods-sampleAdmob.release.xcconfig */;
			buildSettings = {
				ASSETCATALOG_COMPILER_APPICON_NAME = AppIcon;
				CODE_SIGN_STYLE = Automatic;
				INFOPLIST_FILE = sampleAdmob/Info.plist;
				LD_RUNPATH_SEARCH_PATHS = (
					"$(inherited)",
					"@executable_path/Frameworks",
				);
				PRODUCT_BUNDLE_IDENTIFIER = com.oyuka.sampleAdmob;
				PRODUCT_NAME = "$(TARGET_NAME)";
				SWIFT_VERSION = 4.0;
				TARGETED_DEVICE_FAMILY = "1,2";
			};
			name = Release;
		};
/* End XCBuildConfiguration section */

/* Begin XCConfigurationList section */
		B2CF3EA220FC1A060086E52B /* Build configuration list for PBXProject "sampleAdmob" */ = {
			isa = XCConfigurationList;
			buildConfigurations = (
				B2CF3EB720FC1A0A0086E52B /* Debug */,
				B2CF3EB820FC1A0A0086E52B /* Release */,
			);
			defaultConfigurationIsVisible = 0;
			defaultConfigurationName = Release;
		};
		B2CF3EB920FC1A0A0086E52B /* Build configuration list for PBXNativeTarget "sampleAdmob" */ = {
			isa = XCConfigurationList;
			buildConfigurations = (
				B2CF3EBA20FC1A0A0086E52B /* Debug */,
				B2CF3EBB20FC1A0A0086E52B /* Release */,
			);
			defaultConfigurationIsVisible = 0;
			defaultConfigurationName = Release;
		};
/* End XCConfigurationList section */
	};
	rootObject = B2CF3E9F20FC1A060086E52B /* Project object */;
}
